
Microsoft Visual Studio Solution File, Format Version 12.00
# Visual Studio Version 17
VisualStudioVersion = 17.7.34202.233
MinimumVisualStudioVersion = 10.0.40219.1
Project("{FAE04EC0-301F-11D3-BF4B-00C04F79EFBC}") = "csharp-class4", "csharp-class4.csproj", "{C5DD873A-AB13-4999-86F3-2E6621FDF0EC}"
EndProject
Global
	GlobalSection(SolutionConfigurationPlatforms) = preSolution
		Debug|Any CPU = Debug|Any CPU
		Release|Any CPU = Release|Any CPU
	EndGlobalSection
	GlobalSection(ProjectConfigurationPlatforms) = postSolution
		{C5DD873A-AB13-4999-86F3-2E6621FDF0EC}.Debug|Any CPU.ActiveCfg = Debug|Any CPU
		{C5DD873A-AB13-4999-86F3-2E6621FDF0EC}.Debug|Any CPU.Build.0 = Debug|Any CPU
		{C5DD873A-AB13-4999-86F3-2E6621FDF0EC}.Release|Any CPU.ActiveCfg = Release|Any CPU
		{C5DD873A-AB13-4999-86F3-2E6621FDF0EC}.Release|Any CPU.Build.0 = Release|Any CPU
	EndGlobalSection
	GlobalSection(SolutionProperties) = preSolution
		HideSolutionNode = FALSE
	EndGlobalSection
	GlobalSection(ExtensibilityGlobals) = postSolution
		SolutionGuid = {C1CCAEB3-5E98-43C4-B5B3-B638612048E8}
	EndGlobalSection
EndGlobal
